
Microsoft Visual Studio Solution File, Format Version 12.00
# Visual Studio Version 16
VisualStudioVersion = 16.0.29519.181
MinimumVisualStudioVersion = 10.0.40219.1
Project("{8BC9CEB8-8B4A-11D0-8D11-00A0C91BC942}") = "DataTime", "DataTime.vcxproj", "{41586121-44EE-47C3-989E-92CA21EC72F4}"
EndProject
Global
	GlobalSection(SolutionConfigurationPlatforms) = preSolution
		Debug|x64 = Debug|x64
		Debug|x86 = Debug|x86
		Release|x64 = Release|x64
		Release|x86 = Release|x86
	EndGlobalSection
	GlobalSection(ProjectConfigurationPlatforms) = postSolution
		{41586121-44EE-47C3-989E-92CA21EC72F4}.Debug|x64.ActiveCfg = Debug|x64
		{41586121-44EE-47C3-989E-92CA21EC72F4}.Debug|x64.Build.0 = Debug|x64
		{41586121-44EE-47C3-989E-92CA21EC72F4}.Debug|x86.ActiveCfg = Debug|Win32
		{41586121-44EE-47C3-989E-92CA21EC72F4}.Debug|x86.Build.0 = Debug|Win32
		{41586121-44EE-47C3-989E-92CA21EC72F4}.Release|x64.ActiveCfg = Release|x64
		{41586121-44EE-47C3-989E-92CA21EC72F4}.Release|x64.Build.0 = Release|x64
		{41586121-44EE-47C3-989E-92CA21EC72F4}.Release|x86.ActiveCfg = Release|Win32
		{41586121-44EE-47C3-989E-92CA21EC72F4}.Release|x86.Build.0 = Release|Win32
	EndGlobalSection
	GlobalSection(SolutionProperties) = preSolution
		HideSolutionNode = FALSE
	EndGlobalSection
	GlobalSection(ExtensibilityGlobals) = postSolution
		SolutionGuid = {60E5CDED-C8A7-4B7C-B51C-8A9F92F1F3B6}
	EndGlobalSection
EndGlobal
