
Microsoft Visual Studio Solution File, Format Version 12.00
# Visual Studio Version 16
VisualStudioVersion = 16.0.29519.181
MinimumVisualStudioVersion = 10.0.40219.1
Project("{8BC9CEB8-8B4A-11D0-8D11-00A0C91BC942}") = "Test_Hash_table", "Test_Hash_table.vcxproj", "{5C62BC71-9B41-41DE-B3A5-31C114A3FD43}"
EndProject
Global
	GlobalSection(SolutionConfigurationPlatforms) = preSolution
		Debug|x64 = Debug|x64
		Debug|x86 = Debug|x86
		Release|x64 = Release|x64
		Release|x86 = Release|x86
	EndGlobalSection
	GlobalSection(ProjectConfigurationPlatforms) = postSolution
		{5C62BC71-9B41-41DE-B3A5-31C114A3FD43}.Debug|x64.ActiveCfg = Debug|x64
		{5C62BC71-9B41-41DE-B3A5-31C114A3FD43}.Debug|x64.Build.0 = Debug|x64
		{5C62BC71-9B41-41DE-B3A5-31C114A3FD43}.Debug|x86.ActiveCfg = Debug|Win32
		{5C62BC71-9B41-41DE-B3A5-31C114A3FD43}.Debug|x86.Build.0 = Debug|Win32
		{5C62BC71-9B41-41DE-B3A5-31C114A3FD43}.Release|x64.ActiveCfg = Release|x64
		{5C62BC71-9B41-41DE-B3A5-31C114A3FD43}.Release|x64.Build.0 = Release|x64
		{5C62BC71-9B41-41DE-B3A5-31C114A3FD43}.Release|x86.ActiveCfg = Release|Win32
		{5C62BC71-9B41-41DE-B3A5-31C114A3FD43}.Release|x86.Build.0 = Release|Win32
	EndGlobalSection
	GlobalSection(SolutionProperties) = preSolution
		HideSolutionNode = FALSE
	EndGlobalSection
	GlobalSection(ExtensibilityGlobals) = postSolution
		SolutionGuid = {B802773A-53D4-4EA6-80D0-4A0DE636D208}
	EndGlobalSection
EndGlobal
